
Microsoft Visual Studio Solution File, Format Version 12.00
# Visual Studio Version 16
VisualStudioVersion = 16.0.29911.84
MinimumVisualStudioVersion = 10.0.40219.1
Project("{FAE04EC0-301F-11D3-BF4B-00C04F79EFBC}") = "Fraction", "Fraction\Fraction.csproj", "{A9198D4C-B960-4ACD-BA76-EADA8AC691B6}"
EndProject
Global
	GlobalSection(SolutionConfigurationPlatforms) = preSolution
		Debug|Any CPU = Debug|Any CPU
		Release|Any CPU = Release|Any CPU
	EndGlobalSection
	GlobalSection(ProjectConfigurationPlatforms) = postSolution
		{A9198D4C-B960-4ACD-BA76-EADA8AC691B6}.Debug|Any CPU.ActiveCfg = Debug|Any CPU
		{A9198D4C-B960-4ACD-BA76-EADA8AC691B6}.Debug|Any CPU.Build.0 = Debug|Any CPU
		{A9198D4C-B960-4ACD-BA76-EADA8AC691B6}.Release|Any CPU.ActiveCfg = Release|Any CPU
		{A9198D4C-B960-4ACD-BA76-EADA8AC691B6}.Release|Any CPU.Build.0 = Release|Any CPU
	EndGlobalSection
	GlobalSection(SolutionProperties) = preSolution
		HideSolutionNode = FALSE
	EndGlobalSection
	GlobalSection(ExtensibilityGlobals) = postSolution
		SolutionGuid = {D71B2A79-B8A1-45FD-866F-93A2311A0C07}
	EndGlobalSection
EndGlobal
